{
  "name": "codex-plugin-multi",
  "version": "0.1.0",
  "lockfileVersion": 3,
  "requires": true,
  "packages": {
    "": {
      "name": "codex-plugin-multi",
      "version": "0.1.0",
      "license": "AGPL-3.0-only",
      "workspaces": [
        "plugins/claude",
        "plugins/gemini",
        "plugins/kimi",
        "plugins/grok",
        "plugins/api-reviewers"
      ],
      "devDependencies": {},
      "engines": {
        "node": ">=20.0.0"
      }
    },
    "node_modules/@codex-plugin-multi/api-reviewers-plugin": {
      "resolved": "plugins/api-reviewers",
      "link": true
    },
    "node_modules/@codex-plugin-multi/grok-plugin": {
      "resolved": "plugins/grok",
      "link": true
    },
    "node_modules/codex-plugin-multi-claude": {
      "resolved": "plugins/claude",
      "link": true
    },
    "node_modules/codex-plugin-multi-gemini": {
      "resolved": "plugins/gemini",
      "link": true
    },
    "node_modules/codex-plugin-multi-kimi": {
      "resolved": "plugins/kimi",
      "link": true
    },
    "plugins/api-reviewers": {
      "name": "@codex-plugin-multi/api-reviewers-plugin",
      "version": "0.1.0",
      "license": "AGPL-3.0-only"
    },
    "plugins/claude": {
      "name": "codex-plugin-multi-claude",
      "version": "0.1.0",
      "license": "AGPL-3.0-only"
    },
    "plugins/gemini": {
      "name": "codex-plugin-multi-gemini",
      "version": "0.1.0",
      "license": "AGPL-3.0-only"
    },
    "plugins/grok": {
      "name": "@codex-plugin-multi/grok-plugin",
      "version": "0.1.0",
      "license": "AGPL-3.0-only"
    },
    "plugins/kimi": {
      "name": "codex-plugin-multi-kimi",
      "version": "0.1.0",
      "license": "AGPL-3.0-only"
    }
  }
}
