{
  "name": "relay",
  "version": "0.1.0",
  "lockfileVersion": 3,
  "requires": true,
  "packages": {
    "": {
      "name": "relay",
      "version": "0.1.0",
      "license": "AGPL-3.0-only",
      "workspaces": [
        "plugins/claude",
        "plugins/gemini",
        "plugins/kimi",
        "plugins/agy",
        "plugins/grok",
        "plugins/api-reviewers",
        "plugins/relay-glm",
        "plugins/relay-deepseek"
      ],
      "devDependencies": {
        "fast-check": "^4.7.0"
      },
      "engines": {
        "node": ">=20.0.0"
      }
    },
    "node_modules/@relay/api-reviewers-runtime": {
      "resolved": "plugins/api-reviewers",
      "link": true
    },
    "node_modules/@relay/relay-agy-plugin": {
      "resolved": "plugins/agy",
      "link": true
    },
    "node_modules/@relay/relay-claude-plugin": {
      "resolved": "plugins/claude",
      "link": true
    },
    "node_modules/@relay/relay-deepseek-plugin": {
      "resolved": "plugins/relay-deepseek",
      "link": true
    },
    "node_modules/@relay/relay-gemini-plugin": {
      "resolved": "plugins/gemini",
      "link": true
    },
    "node_modules/@relay/relay-glm-plugin": {
      "resolved": "plugins/relay-glm",
      "link": true
    },
    "node_modules/@relay/relay-grok-plugin": {
      "resolved": "plugins/grok",
      "link": true
    },
    "node_modules/@relay/relay-kimi-plugin": {
      "resolved": "plugins/kimi",
      "link": true
    },
    "node_modules/fast-check": {
      "version": "4.7.0",
      "resolved": "https://registry.npmjs.org/fast-check/-/fast-check-4.7.0.tgz",
      "integrity": "sha512-NsZRtqvSSoCP0HbNjUD+r1JH8zqZalyp6gLY9e7OYs7NK9b6AHOs2baBFeBG7bVNsuoukh89x2Yg3rPsul8ziQ==",
      "dev": true,
      "funding": [
        {
          "type": "individual",
          "url": "https://github.com/sponsors/dubzzz"
        },
        {
          "type": "opencollective",
          "url": "https://opencollective.com/fast-check"
        }
      ],
      "license": "MIT",
      "dependencies": {
        "pure-rand": "^8.0.0"
      },
      "engines": {
        "node": ">=12.17.0"
      }
    },
    "node_modules/pure-rand": {
      "version": "8.4.0",
      "resolved": "https://registry.npmjs.org/pure-rand/-/pure-rand-8.4.0.tgz",
      "integrity": "sha512-IoM8YF/jY0hiugFo/wOWqfmarlE6J0wc6fDK1PhftMk7MGhVZl88sZimmqBBFomLOCSmcCCpsfj7wXASCpvK9A==",
      "dev": true,
      "funding": [
        {
          "type": "individual",
          "url": "https://github.com/sponsors/dubzzz"
        },
        {
          "type": "opencollective",
          "url": "https://opencollective.com/fast-check"
        }
      ],
      "license": "MIT"
    },
    "plugins/agy": {
      "name": "@relay/relay-agy-plugin",
      "version": "0.1.0",
      "license": "AGPL-3.0-only"
    },
    "plugins/api-reviewers": {
      "name": "@relay/api-reviewers-runtime",
      "version": "0.1.0",
      "license": "AGPL-3.0-only",
      "bin": {
        "api-reviewer": "bin/api-reviewer"
      }
    },
    "plugins/claude": {
      "name": "@relay/relay-claude-plugin",
      "version": "0.1.0",
      "license": "AGPL-3.0-only"
    },
    "plugins/gemini": {
      "name": "@relay/relay-gemini-plugin",
      "version": "0.1.0",
      "license": "AGPL-3.0-only"
    },
    "plugins/grok": {
      "name": "@relay/relay-grok-plugin",
      "version": "0.1.0",
      "license": "AGPL-3.0-only"
    },
    "plugins/kimi": {
      "name": "@relay/relay-kimi-plugin",
      "version": "0.1.0",
      "license": "AGPL-3.0-only"
    },
    "plugins/relay-deepseek": {
      "name": "@relay/relay-deepseek-plugin",
      "version": "0.1.0",
      "license": "AGPL-3.0-only",
      "bin": {
        "api-reviewer": "bin/api-reviewer"
      }
    },
    "plugins/relay-glm": {
      "name": "@relay/relay-glm-plugin",
      "version": "0.1.0",
      "license": "AGPL-3.0-only",
      "bin": {
        "api-reviewer": "bin/api-reviewer"
      }
    }
  }
}
